
Microsoft Visual Studio Solution File, Format Version 12.00
# Visual Studio Version 17
VisualStudioVersion = 17.14.36930.0
MinimumVisualStudioVersion = 10.0.40219.1
Project("{FAE04EC0-301F-11D3-BF4B-00C04F79EFBC}") = "WebAPI_3", "WebAPI_3.csproj", "{528E2F3B-343B-4B70-891D-293525318867}"
EndProject
Global
	GlobalSection(SolutionConfigurationPlatforms) = preSolution
		Debug|Any CPU = Debug|Any CPU
		Release|Any CPU = Release|Any CPU
	EndGlobalSection
	GlobalSection(ProjectConfigurationPlatforms) = postSolution
		{528E2F3B-343B-4B70-891D-293525318867}.Debug|Any CPU.ActiveCfg = Debug|Any CPU
		{528E2F3B-343B-4B70-891D-293525318867}.Debug|Any CPU.Build.0 = Debug|Any CPU
		{528E2F3B-343B-4B70-891D-293525318867}.Release|Any CPU.ActiveCfg = Release|Any CPU
		{528E2F3B-343B-4B70-891D-293525318867}.Release|Any CPU.Build.0 = Release|Any CPU
	EndGlobalSection
	GlobalSection(SolutionProperties) = preSolution
		HideSolutionNode = FALSE
	EndGlobalSection
	GlobalSection(ExtensibilityGlobals) = postSolution
		SolutionGuid = {70B7809C-7343-4CC0-9E98-4942C47930FF}
	EndGlobalSection
EndGlobal
