
Microsoft Visual Studio Solution File, Format Version 12.00
# Visual Studio Version 17
VisualStudioVersion = 17.14.36915.13 d17.14
MinimumVisualStudioVersion = 10.0.40219.1
Project("{FAE04EC0-301F-11D3-BF4B-00C04F79EFBC}") = "Tabuada", "Tabuada.csproj", "{9CF1A3DA-51BA-4732-9179-2869DF34E419}"
EndProject
Global
	GlobalSection(SolutionConfigurationPlatforms) = preSolution
		Debug|Any CPU = Debug|Any CPU
		Release|Any CPU = Release|Any CPU
	EndGlobalSection
	GlobalSection(ProjectConfigurationPlatforms) = postSolution
		{9CF1A3DA-51BA-4732-9179-2869DF34E419}.Debug|Any CPU.ActiveCfg = Debug|Any CPU
		{9CF1A3DA-51BA-4732-9179-2869DF34E419}.Debug|Any CPU.Build.0 = Debug|Any CPU
		{9CF1A3DA-51BA-4732-9179-2869DF34E419}.Release|Any CPU.ActiveCfg = Release|Any CPU
		{9CF1A3DA-51BA-4732-9179-2869DF34E419}.Release|Any CPU.Build.0 = Release|Any CPU
	EndGlobalSection
	GlobalSection(SolutionProperties) = preSolution
		HideSolutionNode = FALSE
	EndGlobalSection
	GlobalSection(ExtensibilityGlobals) = postSolution
		SolutionGuid = {D2A59608-64A4-4F2D-9BC8-377449AE8A7A}
	EndGlobalSection
EndGlobal
