
Microsoft Visual Studio Solution File, Format Version 12.00
# Visual Studio Version 17
VisualStudioVersion = 17.14.36915.13 d17.14
MinimumVisualStudioVersion = 10.0.40219.1
Project("{FAE04EC0-301F-11D3-BF4B-00C04F79EFBC}") = "WebAPIGit1", "WebAPIGit1.csproj", "{F1DD182B-1202-415C-92B5-4C045C0C8FF5}"
EndProject
Global
	GlobalSection(SolutionConfigurationPlatforms) = preSolution
		Debug|Any CPU = Debug|Any CPU
		Release|Any CPU = Release|Any CPU
	EndGlobalSection
	GlobalSection(ProjectConfigurationPlatforms) = postSolution
		{F1DD182B-1202-415C-92B5-4C045C0C8FF5}.Debug|Any CPU.ActiveCfg = Debug|Any CPU
		{F1DD182B-1202-415C-92B5-4C045C0C8FF5}.Debug|Any CPU.Build.0 = Debug|Any CPU
		{F1DD182B-1202-415C-92B5-4C045C0C8FF5}.Release|Any CPU.ActiveCfg = Release|Any CPU
		{F1DD182B-1202-415C-92B5-4C045C0C8FF5}.Release|Any CPU.Build.0 = Release|Any CPU
	EndGlobalSection
	GlobalSection(SolutionProperties) = preSolution
		HideSolutionNode = FALSE
	EndGlobalSection
	GlobalSection(ExtensibilityGlobals) = postSolution
		SolutionGuid = {B00AD2BC-D05B-43CD-894E-F57905189BB5}
	EndGlobalSection
EndGlobal
