
Microsoft Visual Studio Solution File, Format Version 12.00
# Visual Studio Version 17
VisualStudioVersion = 17.14.36915.13 d17.14
MinimumVisualStudioVersion = 10.0.40219.1
Project("{FAE04EC0-301F-11D3-BF4B-00C04F79EFBC}") = "ValidarPassword", "ValidarPassword.csproj", "{386A9812-58C3-4ECB-AC47-3DDC912A82DB}"
EndProject
Global
	GlobalSection(SolutionConfigurationPlatforms) = preSolution
		Debug|Any CPU = Debug|Any CPU
		Release|Any CPU = Release|Any CPU
	EndGlobalSection
	GlobalSection(ProjectConfigurationPlatforms) = postSolution
		{386A9812-58C3-4ECB-AC47-3DDC912A82DB}.Debug|Any CPU.ActiveCfg = Debug|Any CPU
		{386A9812-58C3-4ECB-AC47-3DDC912A82DB}.Debug|Any CPU.Build.0 = Debug|Any CPU
		{386A9812-58C3-4ECB-AC47-3DDC912A82DB}.Release|Any CPU.ActiveCfg = Release|Any CPU
		{386A9812-58C3-4ECB-AC47-3DDC912A82DB}.Release|Any CPU.Build.0 = Release|Any CPU
	EndGlobalSection
	GlobalSection(SolutionProperties) = preSolution
		HideSolutionNode = FALSE
	EndGlobalSection
	GlobalSection(ExtensibilityGlobals) = postSolution
		SolutionGuid = {6B8642DC-AAAA-4F3F-8F9D-EB8E2AF270F6}
	EndGlobalSection
EndGlobal
