
Microsoft Visual Studio Solution File, Format Version 12.00
# Visual Studio Version 17
VisualStudioVersion = 17.14.36930.0 d17.14
MinimumVisualStudioVersion = 10.0.40219.1
Project("{FAE04EC0-301F-11D3-BF4B-00C04F79EFBC}") = "CustomList", "CustomList.csproj", "{3BC76780-9461-457D-97FF-59BE8FBCE371}"
EndProject
Global
	GlobalSection(SolutionConfigurationPlatforms) = preSolution
		Debug|Any CPU = Debug|Any CPU
		Release|Any CPU = Release|Any CPU
	EndGlobalSection
	GlobalSection(ProjectConfigurationPlatforms) = postSolution
		{3BC76780-9461-457D-97FF-59BE8FBCE371}.Debug|Any CPU.ActiveCfg = Debug|Any CPU
		{3BC76780-9461-457D-97FF-59BE8FBCE371}.Debug|Any CPU.Build.0 = Debug|Any CPU
		{3BC76780-9461-457D-97FF-59BE8FBCE371}.Release|Any CPU.ActiveCfg = Release|Any CPU
		{3BC76780-9461-457D-97FF-59BE8FBCE371}.Release|Any CPU.Build.0 = Release|Any CPU
	EndGlobalSection
	GlobalSection(SolutionProperties) = preSolution
		HideSolutionNode = FALSE
	EndGlobalSection
	GlobalSection(ExtensibilityGlobals) = postSolution
		SolutionGuid = {6102F3FA-CB6D-4CAC-A7C4-6ABC455E4668}
	EndGlobalSection
EndGlobal
