
Microsoft Visual Studio Solution File, Format Version 12.00
# Visual Studio Version 17
VisualStudioVersion = 17.14.36930.0 d17.14
MinimumVisualStudioVersion = 10.0.40219.1
Project("{FAE04EC0-301F-11D3-BF4B-00C04F79EFBC}") = "Classes", "Classes.csproj", "{CC1944DA-82F1-4780-848D-6409626DD9AF}"
EndProject
Global
	GlobalSection(SolutionConfigurationPlatforms) = preSolution
		Debug|Any CPU = Debug|Any CPU
		Release|Any CPU = Release|Any CPU
	EndGlobalSection
	GlobalSection(ProjectConfigurationPlatforms) = postSolution
		{CC1944DA-82F1-4780-848D-6409626DD9AF}.Debug|Any CPU.ActiveCfg = Debug|Any CPU
		{CC1944DA-82F1-4780-848D-6409626DD9AF}.Debug|Any CPU.Build.0 = Debug|Any CPU
		{CC1944DA-82F1-4780-848D-6409626DD9AF}.Release|Any CPU.ActiveCfg = Release|Any CPU
		{CC1944DA-82F1-4780-848D-6409626DD9AF}.Release|Any CPU.Build.0 = Release|Any CPU
	EndGlobalSection
	GlobalSection(SolutionProperties) = preSolution
		HideSolutionNode = FALSE
	EndGlobalSection
	GlobalSection(ExtensibilityGlobals) = postSolution
		SolutionGuid = {D21F228A-3414-4495-A357-6E8E98962984}
	EndGlobalSection
EndGlobal
