
Microsoft Visual Studio Solution File, Format Version 12.00
# Visual Studio Version 17
VisualStudioVersion = 17.14.36915.13
MinimumVisualStudioVersion = 10.0.40219.1
Project("{FAE04EC0-301F-11D3-BF4B-00C04F79EFBC}") = "WebAppRazor1", "WebAppRazor1.csproj", "{6596DE97-B676-4904-96C3-ED5D18D5B3EA}"
EndProject
Global
	GlobalSection(SolutionConfigurationPlatforms) = preSolution
		Debug|Any CPU = Debug|Any CPU
		Release|Any CPU = Release|Any CPU
	EndGlobalSection
	GlobalSection(ProjectConfigurationPlatforms) = postSolution
		{6596DE97-B676-4904-96C3-ED5D18D5B3EA}.Debug|Any CPU.ActiveCfg = Debug|Any CPU
		{6596DE97-B676-4904-96C3-ED5D18D5B3EA}.Debug|Any CPU.Build.0 = Debug|Any CPU
		{6596DE97-B676-4904-96C3-ED5D18D5B3EA}.Release|Any CPU.ActiveCfg = Release|Any CPU
		{6596DE97-B676-4904-96C3-ED5D18D5B3EA}.Release|Any CPU.Build.0 = Release|Any CPU
	EndGlobalSection
	GlobalSection(SolutionProperties) = preSolution
		HideSolutionNode = FALSE
	EndGlobalSection
	GlobalSection(ExtensibilityGlobals) = postSolution
		SolutionGuid = {04E00F80-36F3-416D-B1B0-03B5918F8328}
	EndGlobalSection
EndGlobal
