
Microsoft Visual Studio Solution File, Format Version 12.00
# Visual Studio Version 17
VisualStudioVersion = 17.14.36930.0 d17.14
MinimumVisualStudioVersion = 10.0.40219.1
Project("{FAE04EC0-301F-11D3-BF4B-00C04F79EFBC}") = "LibNorthWind", "LibNorthWind.csproj", "{5F34AE69-6F8B-4F10-80D2-F1C0A6474564}"
EndProject
Global
	GlobalSection(SolutionConfigurationPlatforms) = preSolution
		Debug|Any CPU = Debug|Any CPU
		Release|Any CPU = Release|Any CPU
	EndGlobalSection
	GlobalSection(ProjectConfigurationPlatforms) = postSolution
		{5F34AE69-6F8B-4F10-80D2-F1C0A6474564}.Debug|Any CPU.ActiveCfg = Debug|Any CPU
		{5F34AE69-6F8B-4F10-80D2-F1C0A6474564}.Debug|Any CPU.Build.0 = Debug|Any CPU
		{5F34AE69-6F8B-4F10-80D2-F1C0A6474564}.Release|Any CPU.ActiveCfg = Release|Any CPU
		{5F34AE69-6F8B-4F10-80D2-F1C0A6474564}.Release|Any CPU.Build.0 = Release|Any CPU
	EndGlobalSection
	GlobalSection(SolutionProperties) = preSolution
		HideSolutionNode = FALSE
	EndGlobalSection
	GlobalSection(ExtensibilityGlobals) = postSolution
		SolutionGuid = {E4144705-E446-42DE-97C9-8B60444D78EE}
	EndGlobalSection
EndGlobal
